
Microsoft Visual Studio Solution File, Format Version 12.00
Project("{FAE04EC0-301F-11D3-BF4B-00C04F79EFBC}") = "Nubrio.Domain", "Nubrio.Domain\Nubrio.Domain.csproj", "{E67BE5FF-8101-4158-A26B-A5CDD260FA12}"
EndProject
Project("{FAE04EC0-301F-11D3-BF4B-00C04F79EFBC}") = "Nubrio.Application", "Nubrio.Application\Nubrio.Application.csproj", "{F21E1E4F-AD6A-4C7A-AD29-21F7BF16AE36}"
EndProject
Project("{FAE04EC0-301F-11D3-BF4B-00C04F79EFBC}") = "Nubrio.Infrastructure", "Nubrio.Infrastructure\Nubrio.Infrastructure.csproj", "{3C13519C-400F-4481-8BC5-024FA082DB48}"
EndProject
Project("{FAE04EC0-301F-11D3-BF4B-00C04F79EFBC}") = "Nubrio.Presentation", "Nubrio.Presentation\Nubrio.Presentation.csproj", "{735BAE7F-B633-40D5-AF1A-7D84F6C52F5D}"
EndProject
Project("{FAE04EC0-301F-11D3-BF4B-00C04F79EFBC}") = "Nubrio.Tests", "Nubrio.Tests\Nubrio.Tests.csproj", "{F1570AA1-2174-4214-9F42-B245A24768F6}"
EndProject
Global
	GlobalSection(SolutionConfigurationPlatforms) = preSolution
		Debug|Any CPU = Debug|Any CPU
		Release|Any CPU = Release|Any CPU
	EndGlobalSection
	GlobalSection(ProjectConfigurationPlatforms) = postSolution
		{E67BE5FF-8101-4158-A26B-A5CDD260FA12}.Debug|Any CPU.ActiveCfg = Debug|Any CPU
		{E67BE5FF-8101-4158-A26B-A5CDD260FA12}.Debug|Any CPU.Build.0 = Debug|Any CPU
		{E67BE5FF-8101-4158-A26B-A5CDD260FA12}.Release|Any CPU.ActiveCfg = Release|Any CPU
		{E67BE5FF-8101-4158-A26B-A5CDD260FA12}.Release|Any CPU.Build.0 = Release|Any CPU
		{F21E1E4F-AD6A-4C7A-AD29-21F7BF16AE36}.Debug|Any CPU.ActiveCfg = Debug|Any CPU
		{F21E1E4F-AD6A-4C7A-AD29-21F7BF16AE36}.Debug|Any CPU.Build.0 = Debug|Any CPU
		{F21E1E4F-AD6A-4C7A-AD29-21F7BF16AE36}.Release|Any CPU.ActiveCfg = Release|Any CPU
		{F21E1E4F-AD6A-4C7A-AD29-21F7BF16AE36}.Release|Any CPU.Build.0 = Release|Any CPU
		{3C13519C-400F-4481-8BC5-024FA082DB48}.Debug|Any CPU.ActiveCfg = Debug|Any CPU
		{3C13519C-400F-4481-8BC5-024FA082DB48}.Debug|Any CPU.Build.0 = Debug|Any CPU
		{3C13519C-400F-4481-8BC5-024FA082DB48}.Release|Any CPU.ActiveCfg = Release|Any CPU
		{3C13519C-400F-4481-8BC5-024FA082DB48}.Release|Any CPU.Build.0 = Release|Any CPU
		{735BAE7F-B633-40D5-AF1A-7D84F6C52F5D}.Debug|Any CPU.ActiveCfg = Debug|Any CPU
		{735BAE7F-B633-40D5-AF1A-7D84F6C52F5D}.Debug|Any CPU.Build.0 = Debug|Any CPU
		{735BAE7F-B633-40D5-AF1A-7D84F6C52F5D}.Release|Any CPU.ActiveCfg = Release|Any CPU
		{735BAE7F-B633-40D5-AF1A-7D84F6C52F5D}.Release|Any CPU.Build.0 = Release|Any CPU
		{F1570AA1-2174-4214-9F42-B245A24768F6}.Debug|Any CPU.ActiveCfg = Debug|Any CPU
		{F1570AA1-2174-4214-9F42-B245A24768F6}.Debug|Any CPU.Build.0 = Debug|Any CPU
		{F1570AA1-2174-4214-9F42-B245A24768F6}.Release|Any CPU.ActiveCfg = Release|Any CPU
		{F1570AA1-2174-4214-9F42-B245A24768F6}.Release|Any CPU.Build.0 = Release|Any CPU
	EndGlobalSection
EndGlobal
